{
    "version": 3,
    "terraform_version": "0.9.11",
    "serial": 3,
    "lineage": "4d3311cb-2487-4fa2-a069-ea3f358d476b",
    "modules": [
        {
            "path": [
                "root"
            ],
            "outputs": {},
            "resources": {
                "aws_eip.ip": {
                    "type": "aws_eip",
                    "depends_on": [
                        "aws_instance.example"
                    ],
                    "primary": {
                        "id": "eipalloc-bf6d4b8f",
                        "attributes": {
                            "association_id": "eipassoc-1d384d2f",
                            "domain": "vpc",
                            "id": "eipalloc-bf6d4b8f",
                            "instance": "i-09298e033f68472c5",
                            "network_interface": "eni-6e9953bd",
                            "private_ip": "172.31.18.54",
                            "public_ip": "54.208.73.231",
                            "vpc": "true"
                        },
                        "meta": {},
                        "tainted": false
                    },
                    "deposed": [],
                    "provider": ""
                },
                "aws_instance.example": {
                    "type": "aws_instance",
                    "depends_on": [],
                    "primary": {
                        "id": "i-09298e033f68472c5",
                        "attributes": {
                            "ami": "ami-b374d5a5",
                            "associate_public_ip_address": "true",
                            "availability_zone": "us-east-1d",
                            "disable_api_termination": "false",
                            "ebs_block_device.#": "0",
                            "ebs_optimized": "false",
                            "ephemeral_block_device.#": "0",
                            "iam_instance_profile": "",
                            "id": "i-09298e033f68472c5",
                            "instance_state": "running",
                            "instance_type": "t2.micro",
                            "ipv6_addresses.#": "0",
                            "key_name": "",
                            "monitoring": "false",
                            "network_interface.#": "0",
                            "network_interface_id": "eni-6e9953bd",
                            "primary_network_interface_id": "eni-6e9953bd",
                            "private_dns": "ip-172-31-18-54.ec2.internal",
                            "private_ip": "172.31.18.54",
                            "public_dns": "ec2-54-159-73-79.compute-1.amazonaws.com",
                            "public_ip": "54.159.73.79",
                            "root_block_device.#": "1",
                            "root_block_device.0.delete_on_termination": "true",
                            "root_block_device.0.iops": "100",
                            "root_block_device.0.volume_size": "8",
                            "root_block_device.0.volume_type": "gp2",
                            "security_groups.#": "0",
                            "source_dest_check": "true",
                            "subnet_id": "subnet-df2cd497",
                            "tags.%": "0",
                            "tenancy": "default",
                            "volume_tags.%": "0",
                            "vpc_security_group_ids.#": "1",
                            "vpc_security_group_ids.582159666": "sg-b24ec6cd"
                        },
                        "meta": {
                            "e2bfb730-ecaa-11e6-8f88-34363bc7c4c0": {
                                "create": 600000000000,
                                "delete": 600000000000,
                                "update": 600000000000
                            },
                            "schema_version": "1"
                        },
                        "tainted": false
                    },
                    "deposed": [],
                    "provider": ""
                }
            },
            "depends_on": []
        }
    ]
}
